
Microsoft Visual Studio Solution File, Format Version 12.00
# Visual Studio Version 17
VisualStudioVersion = 17.9.34622.214
MinimumVisualStudioVersion = 10.0.40219.1
Project("{9A19103F-16F7-4668-BE54-9A1E7A4F7556}") = "DACS_WebDatLichTapGymVaTimHLV", "toanggg\DACS_WebDatLichTapGymVaTimHLV.csproj", "{4D324EBA-9B9F-4D2F-94A3-BD09079DA58A}"
EndProject
Global
	GlobalSection(SolutionConfigurationPlatforms) = preSolution
		Debug|Any CPU = Debug|Any CPU
		Release|Any CPU = Release|Any CPU
	EndGlobalSection
	GlobalSection(ProjectConfigurationPlatforms) = postSolution
		{4D324EBA-9B9F-4D2F-94A3-BD09079DA58A}.Debug|Any CPU.ActiveCfg = Debug|Any CPU
		{4D324EBA-9B9F-4D2F-94A3-BD09079DA58A}.Debug|Any CPU.Build.0 = Debug|Any CPU
		{4D324EBA-9B9F-4D2F-94A3-BD09079DA58A}.Release|Any CPU.ActiveCfg = Release|Any CPU
		{4D324EBA-9B9F-4D2F-94A3-BD09079DA58A}.Release|Any CPU.Build.0 = Release|Any CPU
	EndGlobalSection
	GlobalSection(SolutionProperties) = preSolution
		HideSolutionNode = FALSE
	EndGlobalSection
	GlobalSection(ExtensibilityGlobals) = postSolution
		SolutionGuid = {8ECCA3A0-8D50-42CD-BFB1-28386024DDD3}
	EndGlobalSection
EndGlobal
